
Microsoft Visual Studio Solution File, Format Version 12.00
# Visual Studio Version 17
VisualStudioVersion = 17.7.34202.233
MinimumVisualStudioVersion = 10.0.40219.1
Project("{2150E333-8FDC-42A3-9474-1A3956D46DE8}") = "Task0", "Task0", "{8016A360-F2F1-4573-B1D2-7F739791D6A4}"
EndProject
Project("{FAE04EC0-301F-11D3-BF4B-00C04F79EFBC}") = "Tyuiu.ShayahmetovRR.Sprint3.Task0.V23", "Tyuiu.ShayahmetovRR.Sprint3.Task0.V23\Tyuiu.ShayahmetovRR.Sprint3.Task0.V23.csproj", "{EFD79952-E6F0-4151-BAE4-E6FA1A871E17}"
EndProject
Project("{FAE04EC0-301F-11D3-BF4B-00C04F79EFBC}") = "Tyuiu.ShayahmetovRR.Sprint3.Task0.V23.Lib", "Tyuiu.ShayahmetovRR.Sprint3.Task0.V23.Lib\Tyuiu.ShayahmetovRR.Sprint3.Task0.V23.Lib.csproj", "{9FEFB3C0-2481-4A8B-903E-EB54BCFF75B3}"
EndProject
Project("{FAE04EC0-301F-11D3-BF4B-00C04F79EFBC}") = "Tyuiu.ShayahmetovRR.Sprint3.Task0.V23.Test", "Tyuiu.ShayahmetovRR.Sprint3.Task0.V23.Test\Tyuiu.ShayahmetovRR.Sprint3.Task0.V23.Test.csproj", "{22219B50-91B6-4253-B26C-54716A968F01}"
EndProject
Project("{2150E333-8FDC-42A3-9474-1A3956D46DE8}") = "Task1", "Task1", "{642026F4-2F37-4145-A009-FA439EBD9748}"
EndProject
Project("{FAE04EC0-301F-11D3-BF4B-00C04F79EFBC}") = "Tyuiu.ShayahmetovRR.Sprint3.Task1.V24", "Tyuiu.ShayahmetovRR.Sprint3.Task1.V24\Tyuiu.ShayahmetovRR.Sprint3.Task1.V24.csproj", "{B4B534DF-FC0C-43DD-8D89-F130DA724054}"
EndProject
Project("{FAE04EC0-301F-11D3-BF4B-00C04F79EFBC}") = "Tyuiu.ShayahmetovRR.Sprint3.Task1.V24.Lib", "Tyuiu.ShayahmetovRR.Sprint3.Task1.V24.Lib\Tyuiu.ShayahmetovRR.Sprint3.Task1.V24.Lib.csproj", "{98F34918-7DBE-4D29-8AC8-5E2DE42D70B2}"
EndProject
Project("{FAE04EC0-301F-11D3-BF4B-00C04F79EFBC}") = "Tyuiu.ShayahmetovRR.Sprint3.Task1.V24.Test", "Tyuiu.ShayahmetovRR.Sprint3.Task1.V24.Test\Tyuiu.ShayahmetovRR.Sprint3.Task1.V24.Test.csproj", "{CE2020A7-425C-4037-9449-89B2CEEA02C9}"
EndProject
Project("{2150E333-8FDC-42A3-9474-1A3956D46DE8}") = "Task2", "Task2", "{4053C5C8-FECE-4372-A8A4-BFC097D822FC}"
EndProject
Project("{FAE04EC0-301F-11D3-BF4B-00C04F79EFBC}") = "Tyuiu.ShayahmetovRR.Sprint3.Task2.V15", "Tyuiu.ShayahmetovRR.Sprint3.Task2.V15\Tyuiu.ShayahmetovRR.Sprint3.Task2.V15.csproj", "{AFA2A2A0-CBCA-47C9-B5DE-5A84269B66EE}"
EndProject
Project("{FAE04EC0-301F-11D3-BF4B-00C04F79EFBC}") = "Tyuiu.ShayahmetovRR.Sprint3.Task2.V15.Lib", "Tyuiu.ShayahmetovRR.Sprint3.Task2.V15.Lib\Tyuiu.ShayahmetovRR.Sprint3.Task2.V15.Lib.csproj", "{D3F37AC8-C7CD-4C8F-B212-1DDBFE27A8FB}"
EndProject
Project("{FAE04EC0-301F-11D3-BF4B-00C04F79EFBC}") = "Tyuiu.ShayahmetovRR.Sprint3.Task2.V15.Test", "Tyuiu.ShayahmetovRR.Sprint3.Task2.V15.Test\Tyuiu.ShayahmetovRR.Sprint3.Task2.V15.Test.csproj", "{1DF82661-E302-4102-A4C1-09B1FF3FBA0F}"
EndProject
Project("{2150E333-8FDC-42A3-9474-1A3956D46DE8}") = "Task3", "Task3", "{29AAC4FD-F42F-4799-8E0A-375E364F9E4C}"
EndProject
Project("{FAE04EC0-301F-11D3-BF4B-00C04F79EFBC}") = "Tyuiu.ShayahmetovRR.Sprint3.Task3.V10", "Tyuiu.ShayahmetovRR.Sprint3.Task3.V10\Tyuiu.ShayahmetovRR.Sprint3.Task3.V10.csproj", "{2B1EF0E3-6B10-4741-A229-6C5ECE9BB98B}"
EndProject
Project("{FAE04EC0-301F-11D3-BF4B-00C04F79EFBC}") = "Tyuiu.ShayahmetovRR.Sprint3.Task3.V10.Lib", "Tyuiu.ShayahmetovRR.Sprint3.Task3.V10.Lib\Tyuiu.ShayahmetovRR.Sprint3.Task3.V10.Lib.csproj", "{FA3C5910-FFD5-4F74-A214-B9720973BD60}"
EndProject
Project("{FAE04EC0-301F-11D3-BF4B-00C04F79EFBC}") = "Tyuiu.ShayahmetovRR.Sprint3.Task3.V10.Test", "Tyuiu.ShayahmetovRR.Sprint3.Task3.V10.Test\Tyuiu.ShayahmetovRR.Sprint3.Task3.V10.Test.csproj", "{3963DBA5-8C8C-4142-8510-917FF0976D25}"
EndProject
Project("{2150E333-8FDC-42A3-9474-1A3956D46DE8}") = "Task4", "Task4", "{E48D2D8C-3549-40B6-9FC9-7617F5C2AFDB}"
EndProject
Project("{FAE04EC0-301F-11D3-BF4B-00C04F79EFBC}") = "Tyuiu.ShayahmetovRR.Sprint3.Task4.V28", "Tyuiu.ShayahmetovRR.Sprint3.Task4.V28\Tyuiu.ShayahmetovRR.Sprint3.Task4.V28.csproj", "{420BECB9-4A7D-4134-BACA-35983A2D8570}"
EndProject
Project("{FAE04EC0-301F-11D3-BF4B-00C04F79EFBC}") = "Tyuiu.ShayahmetovRR.Sprint3.Task4.V28.Lib", "Tyuiu.ShayahmetovRR.Sprint3.Task4.V28.Lib\Tyuiu.ShayahmetovRR.Sprint3.Task4.V28.Lib.csproj", "{98EB1804-8B39-404B-BF8F-2DEFD4569256}"
EndProject
Project("{FAE04EC0-301F-11D3-BF4B-00C04F79EFBC}") = "Tyuiu.ShayahmetovRR.Sprint3.Task4.V28.Test", "Tyuiu.ShayahmetovRR.Sprint3.Task4.V28.Test\Tyuiu.ShayahmetovRR.Sprint3.Task4.V28.Test.csproj", "{EA9F6F0C-C540-4F9B-BDB6-7B02D987B00C}"
EndProject
Global
	GlobalSection(SolutionConfigurationPlatforms) = preSolution
		Debug|Any CPU = Debug|Any CPU
		Release|Any CPU = Release|Any CPU
	EndGlobalSection
	GlobalSection(ProjectConfigurationPlatforms) = postSolution
		{EFD79952-E6F0-4151-BAE4-E6FA1A871E17}.Debug|Any CPU.ActiveCfg = Debug|Any CPU
		{EFD79952-E6F0-4151-BAE4-E6FA1A871E17}.Debug|Any CPU.Build.0 = Debug|Any CPU
		{EFD79952-E6F0-4151-BAE4-E6FA1A871E17}.Release|Any CPU.ActiveCfg = Release|Any CPU
		{EFD79952-E6F0-4151-BAE4-E6FA1A871E17}.Release|Any CPU.Build.0 = Release|Any CPU
		{9FEFB3C0-2481-4A8B-903E-EB54BCFF75B3}.Debug|Any CPU.ActiveCfg = Debug|Any CPU
		{9FEFB3C0-2481-4A8B-903E-EB54BCFF75B3}.Debug|Any CPU.Build.0 = Debug|Any CPU
		{9FEFB3C0-2481-4A8B-903E-EB54BCFF75B3}.Release|Any CPU.ActiveCfg = Release|Any CPU
		{9FEFB3C0-2481-4A8B-903E-EB54BCFF75B3}.Release|Any CPU.Build.0 = Release|Any CPU
		{22219B50-91B6-4253-B26C-54716A968F01}.Debug|Any CPU.ActiveCfg = Debug|Any CPU
		{22219B50-91B6-4253-B26C-54716A968F01}.Debug|Any CPU.Build.0 = Debug|Any CPU
		{22219B50-91B6-4253-B26C-54716A968F01}.Release|Any CPU.ActiveCfg = Release|Any CPU
		{22219B50-91B6-4253-B26C-54716A968F01}.Release|Any CPU.Build.0 = Release|Any CPU
		{B4B534DF-FC0C-43DD-8D89-F130DA724054}.Debug|Any CPU.ActiveCfg = Debug|Any CPU
		{B4B534DF-FC0C-43DD-8D89-F130DA724054}.Debug|Any CPU.Build.0 = Debug|Any CPU
		{B4B534DF-FC0C-43DD-8D89-F130DA724054}.Release|Any CPU.ActiveCfg = Release|Any CPU
		{B4B534DF-FC0C-43DD-8D89-F130DA724054}.Release|Any CPU.Build.0 = Release|Any CPU
		{98F34918-7DBE-4D29-8AC8-5E2DE42D70B2}.Debug|Any CPU.ActiveCfg = Debug|Any CPU
		{98F34918-7DBE-4D29-8AC8-5E2DE42D70B2}.Debug|Any CPU.Build.0 = Debug|Any CPU
		{98F34918-7DBE-4D29-8AC8-5E2DE42D70B2}.Release|Any CPU.ActiveCfg = Release|Any CPU
		{98F34918-7DBE-4D29-8AC8-5E2DE42D70B2}.Release|Any CPU.Build.0 = Release|Any CPU
		{CE2020A7-425C-4037-9449-89B2CEEA02C9}.Debug|Any CPU.ActiveCfg = Debug|Any CPU
		{CE2020A7-425C-4037-9449-89B2CEEA02C9}.Debug|Any CPU.Build.0 = Debug|Any CPU
		{CE2020A7-425C-4037-9449-89B2CEEA02C9}.Release|Any CPU.ActiveCfg = Release|Any CPU
		{CE2020A7-425C-4037-9449-89B2CEEA02C9}.Release|Any CPU.Build.0 = Release|Any CPU
		{AFA2A2A0-CBCA-47C9-B5DE-5A84269B66EE}.Debug|Any CPU.ActiveCfg = Debug|Any CPU
		{AFA2A2A0-CBCA-47C9-B5DE-5A84269B66EE}.Debug|Any CPU.Build.0 = Debug|Any CPU
		{AFA2A2A0-CBCA-47C9-B5DE-5A84269B66EE}.Release|Any CPU.ActiveCfg = Release|Any CPU
		{AFA2A2A0-CBCA-47C9-B5DE-5A84269B66EE}.Release|Any CPU.Build.0 = Release|Any CPU
		{D3F37AC8-C7CD-4C8F-B212-1DDBFE27A8FB}.Debug|Any CPU.ActiveCfg = Debug|Any CPU
		{D3F37AC8-C7CD-4C8F-B212-1DDBFE27A8FB}.Debug|Any CPU.Build.0 = Debug|Any CPU
		{D3F37AC8-C7CD-4C8F-B212-1DDBFE27A8FB}.Release|Any CPU.ActiveCfg = Release|Any CPU
		{D3F37AC8-C7CD-4C8F-B212-1DDBFE27A8FB}.Release|Any CPU.Build.0 = Release|Any CPU
		{1DF82661-E302-4102-A4C1-09B1FF3FBA0F}.Debug|Any CPU.ActiveCfg = Debug|Any CPU
		{1DF82661-E302-4102-A4C1-09B1FF3FBA0F}.Debug|Any CPU.Build.0 = Debug|Any CPU
		{1DF82661-E302-4102-A4C1-09B1FF3FBA0F}.Release|Any CPU.ActiveCfg = Release|Any CPU
		{1DF82661-E302-4102-A4C1-09B1FF3FBA0F}.Release|Any CPU.Build.0 = Release|Any CPU
		{2B1EF0E3-6B10-4741-A229-6C5ECE9BB98B}.Debug|Any CPU.ActiveCfg = Debug|Any CPU
		{2B1EF0E3-6B10-4741-A229-6C5ECE9BB98B}.Debug|Any CPU.Build.0 = Debug|Any CPU
		{2B1EF0E3-6B10-4741-A229-6C5ECE9BB98B}.Release|Any CPU.ActiveCfg = Release|Any CPU
		{2B1EF0E3-6B10-4741-A229-6C5ECE9BB98B}.Release|Any CPU.Build.0 = Release|Any CPU
		{FA3C5910-FFD5-4F74-A214-B9720973BD60}.Debug|Any CPU.ActiveCfg = Debug|Any CPU
		{FA3C5910-FFD5-4F74-A214-B9720973BD60}.Debug|Any CPU.Build.0 = Debug|Any CPU
		{FA3C5910-FFD5-4F74-A214-B9720973BD60}.Release|Any CPU.ActiveCfg = Release|Any CPU
		{FA3C5910-FFD5-4F74-A214-B9720973BD60}.Release|Any CPU.Build.0 = Release|Any CPU
		{3963DBA5-8C8C-4142-8510-917FF0976D25}.Debug|Any CPU.ActiveCfg = Debug|Any CPU
		{3963DBA5-8C8C-4142-8510-917FF0976D25}.Debug|Any CPU.Build.0 = Debug|Any CPU
		{3963DBA5-8C8C-4142-8510-917FF0976D25}.Release|Any CPU.ActiveCfg = Release|Any CPU
		{3963DBA5-8C8C-4142-8510-917FF0976D25}.Release|Any CPU.Build.0 = Release|Any CPU
		{420BECB9-4A7D-4134-BACA-35983A2D8570}.Debug|Any CPU.ActiveCfg = Debug|Any CPU
		{420BECB9-4A7D-4134-BACA-35983A2D8570}.Debug|Any CPU.Build.0 = Debug|Any CPU
		{420BECB9-4A7D-4134-BACA-35983A2D8570}.Release|Any CPU.ActiveCfg = Release|Any CPU
		{420BECB9-4A7D-4134-BACA-35983A2D8570}.Release|Any CPU.Build.0 = Release|Any CPU
		{98EB1804-8B39-404B-BF8F-2DEFD4569256}.Debug|Any CPU.ActiveCfg = Debug|Any CPU
		{98EB1804-8B39-404B-BF8F-2DEFD4569256}.Debug|Any CPU.Build.0 = Debug|Any CPU
		{98EB1804-8B39-404B-BF8F-2DEFD4569256}.Release|Any CPU.ActiveCfg = Release|Any CPU
		{98EB1804-8B39-404B-BF8F-2DEFD4569256}.Release|Any CPU.Build.0 = Release|Any CPU
		{EA9F6F0C-C540-4F9B-BDB6-7B02D987B00C}.Debug|Any CPU.ActiveCfg = Debug|Any CPU
		{EA9F6F0C-C540-4F9B-BDB6-7B02D987B00C}.Debug|Any CPU.Build.0 = Debug|Any CPU
		{EA9F6F0C-C540-4F9B-BDB6-7B02D987B00C}.Release|Any CPU.ActiveCfg = Release|Any CPU
		{EA9F6F0C-C540-4F9B-BDB6-7B02D987B00C}.Release|Any CPU.Build.0 = Release|Any CPU
	EndGlobalSection
	GlobalSection(SolutionProperties) = preSolution
		HideSolutionNode = FALSE
	EndGlobalSection
	GlobalSection(NestedProjects) = preSolution
		{EFD79952-E6F0-4151-BAE4-E6FA1A871E17} = {8016A360-F2F1-4573-B1D2-7F739791D6A4}
		{9FEFB3C0-2481-4A8B-903E-EB54BCFF75B3} = {8016A360-F2F1-4573-B1D2-7F739791D6A4}
		{22219B50-91B6-4253-B26C-54716A968F01} = {8016A360-F2F1-4573-B1D2-7F739791D6A4}
		{B4B534DF-FC0C-43DD-8D89-F130DA724054} = {642026F4-2F37-4145-A009-FA439EBD9748}
		{98F34918-7DBE-4D29-8AC8-5E2DE42D70B2} = {642026F4-2F37-4145-A009-FA439EBD9748}
		{CE2020A7-425C-4037-9449-89B2CEEA02C9} = {642026F4-2F37-4145-A009-FA439EBD9748}
		{AFA2A2A0-CBCA-47C9-B5DE-5A84269B66EE} = {4053C5C8-FECE-4372-A8A4-BFC097D822FC}
		{D3F37AC8-C7CD-4C8F-B212-1DDBFE27A8FB} = {4053C5C8-FECE-4372-A8A4-BFC097D822FC}
		{1DF82661-E302-4102-A4C1-09B1FF3FBA0F} = {4053C5C8-FECE-4372-A8A4-BFC097D822FC}
		{2B1EF0E3-6B10-4741-A229-6C5ECE9BB98B} = {29AAC4FD-F42F-4799-8E0A-375E364F9E4C}
		{FA3C5910-FFD5-4F74-A214-B9720973BD60} = {29AAC4FD-F42F-4799-8E0A-375E364F9E4C}
		{3963DBA5-8C8C-4142-8510-917FF0976D25} = {29AAC4FD-F42F-4799-8E0A-375E364F9E4C}
		{420BECB9-4A7D-4134-BACA-35983A2D8570} = {E48D2D8C-3549-40B6-9FC9-7617F5C2AFDB}
		{98EB1804-8B39-404B-BF8F-2DEFD4569256} = {E48D2D8C-3549-40B6-9FC9-7617F5C2AFDB}
		{EA9F6F0C-C540-4F9B-BDB6-7B02D987B00C} = {E48D2D8C-3549-40B6-9FC9-7617F5C2AFDB}
	EndGlobalSection
	GlobalSection(ExtensibilityGlobals) = postSolution
		SolutionGuid = {13C32534-313B-4D5F-98E6-8E171BE45B1D}
	EndGlobalSection
EndGlobal
